
Microsoft Visual Studio Solution File, Format Version 12.00
# Visual Studio Version 16
VisualStudioVersion = 16.0.30804.86
MinimumVisualStudioVersion = 10.0.40219.1
Project("{FAE04EC0-301F-11D3-BF4B-00C04F79EFBC}") = "ProjectShapes", "ProjectShapes\ProjectShapes.csproj", "{02EE499E-76B0-46F2-A1D9-3C101D769D0F}"
EndProject
Project("{FAE04EC0-301F-11D3-BF4B-00C04F79EFBC}") = "LibraryForShapes", "LibraryForShapes\LibraryForShapes.csproj", "{01AB7ADF-D1A9-4C97-804C-6A6D1F96AF90}"
EndProject
Global
	GlobalSection(SolutionConfigurationPlatforms) = preSolution
		Debug|Any CPU = Debug|Any CPU
		Release|Any CPU = Release|Any CPU
	EndGlobalSection
	GlobalSection(ProjectConfigurationPlatforms) = postSolution
		{02EE499E-76B0-46F2-A1D9-3C101D769D0F}.Debug|Any CPU.ActiveCfg = Debug|Any CPU
		{02EE499E-76B0-46F2-A1D9-3C101D769D0F}.Debug|Any CPU.Build.0 = Debug|Any CPU
		{02EE499E-76B0-46F2-A1D9-3C101D769D0F}.Release|Any CPU.ActiveCfg = Release|Any CPU
		{02EE499E-76B0-46F2-A1D9-3C101D769D0F}.Release|Any CPU.Build.0 = Release|Any CPU
		{01AB7ADF-D1A9-4C97-804C-6A6D1F96AF90}.Debug|Any CPU.ActiveCfg = Debug|Any CPU
		{01AB7ADF-D1A9-4C97-804C-6A6D1F96AF90}.Debug|Any CPU.Build.0 = Debug|Any CPU
		{01AB7ADF-D1A9-4C97-804C-6A6D1F96AF90}.Release|Any CPU.ActiveCfg = Release|Any CPU
		{01AB7ADF-D1A9-4C97-804C-6A6D1F96AF90}.Release|Any CPU.Build.0 = Release|Any CPU
	EndGlobalSection
	GlobalSection(SolutionProperties) = preSolution
		HideSolutionNode = FALSE
	EndGlobalSection
	GlobalSection(ExtensibilityGlobals) = postSolution
		SolutionGuid = {4114C801-BE6D-4DB1-B7A0-D4234F07C35C}
	EndGlobalSection
EndGlobal
